PATH
  remote: .
  specs:
    wreckem (0.1)
      sequel (~> 5.106)

GEM
  remote: https://rubygems.org/
  specs:
    bigdecimal (4.1.2-java)
    diff-lcs (1.6.2)
    jdbc-sqlite3 (3.46.1.1)
    rake (13.3.1)
    rspec (3.13.2)
      rspec-core (~> 3.13.0)
      rspec-expectations (~> 3.13.0)
      rspec-mocks (~> 3.13.0)
    rspec-core (3.13.6)
      rspec-support (~> 3.13.0)
    rspec-expectations (3.13.5)
      diff-lcs (>= 1.2.0, < 2.0)
      rspec-support (~> 3.13.0)
    rspec-mocks (3.13.8)
      diff-lcs (>= 1.2.0, < 2.0)
      rspec-support (~> 3.13.0)
    rspec-support (3.13.7)
    sequel (5.106.0)
      bigdecimal

PLATFORMS
  universal-java

DEPENDENCIES
  jdbc-sqlite3 (= 3.46.1.1)
  rake (= 13.3.1)
  rspec (= 3.13.2)
  wreckem!

CHECKSUMS
  bigdecimal (4.1.2-java) sha256=ccc836eab720a525529f70ed0de26a206fdbc9a9e8ac67b3b4ac7318b03e114d
  diff-lcs (1.6.2) sha256=9ae0d2cba7d4df3075fe8cd8602a8604993efc0dfa934cff568969efb1909962
  jdbc-sqlite3 (3.46.1.1) sha256=2498fea7d37c0d51c6bad1b95ffc909173c014ba6bd36825f37910113d0230cf
  rake (13.3.1) sha256=8c9e89d09f66a26a01264e7e3480ec0607f0c497a861ef16063604b1b08eb19c
  rspec (3.13.2) sha256=206284a08ad798e61f86d7ca3e376718d52c0bc944626b2349266f239f820587
  rspec-core (3.13.6) sha256=a8823c6411667b60a8bca135364351dda34cd55e44ff94c4be4633b37d828b2d
  rspec-expectations (3.13.5) sha256=33a4d3a1d95060aea4c94e9f237030a8f9eae5615e9bd85718fe3a09e4b58836
  rspec-mocks (3.13.8) sha256=086ad3d3d17533f4237643de0b5c42f04b66348c28bf6b9c2d3f4a3b01af1d47
  rspec-support (3.13.7) sha256=0640e5570872aafefd79867901deeeeb40b0c9875a36b983d85f54fb7381c47c
  sequel (5.106.0) sha256=0e6677f230e724ecbc9b4d5fc95ef9a69997cfb24c60fff84268185e0bb254cd
  wreckem (0.1)

BUNDLED WITH
  4.0.3
